<?xml version="1.0" encoding="utf-8"?>
<Project ToolsVersion="4.0" xmlns="http://schemas.microsoft.com/developer/msbuild/2003">
  <ItemGroup>
    <Filter Include="源文件">
      <UniqueIdentifier>{4FC737F1-C7A5-4376-A066-2A32D752A2FF}</UniqueIdentifier>
      <Extensions>cpp;c;cc;cxx;def;odl;idl;hpj;bat;asm;asmx</Extensions>
    </Filter>
    <Filter Include="头文件">
      <UniqueIdentifier>{93995380-89BD-4b04-88EB-625FBE52EBFB}</UniqueIdentifier>
      <Extensions>h;hh;hpp;hxx;hm;inl;inc;ipp;xsd</Extensions>
    </Filter>
    <Filter Include="资源文件">
      <UniqueIdentifier>{67DA6AB6-F800-4c08-8B7A-83BB121AAD01}</UniqueIdentifier>
      <Extensions>rc;ico;cur;bmp;dlg;rc2;rct;bin;rgs;gif;jpg;jpeg;jpe;resx;tiff;tif;png;wav;mfcribbon-ms</Extensions>
    </Filter>
    <Filter Include="appconfig">
      <UniqueIdentifier>{f651cff8-44d2-4ac0-8376-0b6ef0c34d3e}</UniqueIdentifier>
    </Filter>
    <Filter Include="service">
      <UniqueIdentifier>{0558ce4b-866f-416a-8703-c3d4b4b88e1b}</UniqueIdentifier>
    </Filter>
    <Filter Include="stream">
      <UniqueIdentifier>{130ccd2b-7b49-4737-9a53-0a37404ef4ca}</UniqueIdentifier>
    </Filter>
    <Filter Include="common">
      <UniqueIdentifier>{7a038bb7-8f94-4cd8-836f-6552ffe7790a}</UniqueIdentifier>
    </Filter>
    <Filter Include="spdlogger">
      <UniqueIdentifier>{daad5dfa-4c9f-4e76-953e-58b39f1d06ca}</UniqueIdentifier>
    </Filter>
    <Filter Include="httpClient">
      <UniqueIdentifier>{f9ec7ad5-62c0-4543-9071-786befc668a3}</UniqueIdentifier>
    </Filter>
    <Filter Include="httpServer">
      <UniqueIdentifier>{0e642a55-7b2c-43d0-8241-d6e3aecb2833}</UniqueIdentifier>
    </Filter>
    <Filter Include="codec">
      <UniqueIdentifier>{fc9c0686-f525-4f8d-895f-605167123b5a}</UniqueIdentifier>
    </Filter>
  </ItemGroup>
  <ItemGroup>
    <ClCompile Include="main.cpp">
      <Filter>源文件</Filter>
    </ClCompile>
    <ClCompile Include="service\Launcher.cpp">
      <Filter>service</Filter>
    </ClCompile>
    <ClCompile Include="appConfig\AppConfig.cpp">
      <Filter>appconfig</Filter>
    </ClCompile>
    <ClCompile Include="appConfig\ConfigMod.cpp">
      <Filter>appconfig</Filter>
    </ClCompile>
    <ClCompile Include="stream\streamMod.cpp">
      <Filter>stream</Filter>
    </ClCompile>
    <ClCompile Include="stream\streamInImp.cpp">
      <Filter>stream</Filter>
    </ClCompile>
    <ClCompile Include="stream\AAC_ADTS.cpp">
      <Filter>stream</Filter>
    </ClCompile>
    <ClCompile Include="common\tickcount.cpp">
      <Filter>common</Filter>
    </ClCompile>
    <ClCompile Include="spdlogger\spdlogging.cpp">
      <Filter>spdlogger</Filter>
    </ClCompile>
    <ClCompile Include="stream\streamOutFile.cpp">
      <Filter>stream</Filter>
    </ClCompile>
    <ClCompile Include="stream\fileStream.cpp">
      <Filter>stream</Filter>
    </ClCompile>
    <ClCompile Include="stream\streamTest.cpp">
      <Filter>stream</Filter>
    </ClCompile>
    <ClCompile Include="stream\streamOutRtmp.cpp">
      <Filter>stream</Filter>
    </ClCompile>
    <ClCompile Include="stream\realTimeStream.cpp">
      <Filter>stream</Filter>
    </ClCompile>
    <ClCompile Include="stream\streamModInterface.cpp">
      <Filter>stream</Filter>
    </ClCompile>
    <ClCompile Include="httpServer\fileStreamJumpHandler.cpp">
      <Filter>httpServer</Filter>
    </ClCompile>
    <ClCompile Include="httpServer\fileStreamPauseHandler.cpp">
      <Filter>httpServer</Filter>
    </ClCompile>
    <ClCompile Include="httpServer\fileStreamQueryHandler.cpp">
      <Filter>httpServer</Filter>
    </ClCompile>
    <ClCompile Include="httpServer\fileStreamResumeHandler.cpp">
      <Filter>httpServer</Filter>
    </ClCompile>
    <ClCompile Include="httpServer\filestreamStartHandler.cpp">
      <Filter>httpServer</Filter>
    </ClCompile>
    <ClCompile Include="httpServer\fileStreamStopHandler.cpp">
      <Filter>httpServer</Filter>
    </ClCompile>
    <ClCompile Include="httpServer\HttpServer.cpp">
      <Filter>httpServer</Filter>
    </ClCompile>
    <ClCompile Include="httpServer\InterfaceService.cpp">
      <Filter>httpServer</Filter>
    </ClCompile>
    <ClCompile Include="httpServer\realtimeStreamQueryHandler.cpp">
      <Filter>httpServer</Filter>
    </ClCompile>
    <ClCompile Include="httpServer\realtimeStreamStartHandler.cpp">
      <Filter>httpServer</Filter>
    </ClCompile>
    <ClCompile Include="httpServer\realtimeStreamStopHandler.cpp">
      <Filter>httpServer</Filter>
    </ClCompile>
    <ClCompile Include="httpClient\HttpClient.cpp">
      <Filter>httpClient</Filter>
    </ClCompile>
    <ClCompile Include="httpClient\HttpRequest.cpp">
      <Filter>httpClient</Filter>
    </ClCompile>
    <ClCompile Include="httpClient\HttpClientManage.cpp">
      <Filter>httpClient</Filter>
    </ClCompile>
    <ClCompile Include="common\utils.cpp">
      <Filter>common</Filter>
    </ClCompile>
    <ClCompile Include="codec\audioDecoder.cpp">
      <Filter>codec</Filter>
    </ClCompile>
    <ClCompile Include="codec\audioEncoder.cpp">
      <Filter>codec</Filter>
    </ClCompile>
    <ClCompile Include="codec\baseDecoder.cpp">
      <Filter>codec</Filter>
    </ClCompile>
    <ClCompile Include="codec\baseEncoder.cpp">
      <Filter>codec</Filter>
    </ClCompile>
    <ClCompile Include="codec\objlist.cpp">
      <Filter>codec</Filter>
    </ClCompile>
    <ClCompile Include="codec\codecDef.cpp">
      <Filter>codec</Filter>
    </ClCompile>
    <ClCompile Include="codec\audioParser.cpp">
      <Filter>codec</Filter>
    </ClCompile>
    <ClCompile Include="codec\audioParserAac.cpp">
      <Filter>codec</Filter>
    </ClCompile>
    <ClCompile Include="codec\audioParserMp3.cpp">
      <Filter>codec</Filter>
    </ClCompile>
    <ClCompile Include="httpServer\router.cpp">
      <Filter>httpServer</Filter>
    </ClCompile>
    <ClCompile Include="httpServer\simpleHandler.cpp">
      <Filter>httpServer</Filter>
    </ClCompile>
    <ClCompile Include="httpClient\HttpClientService.cpp">
      <Filter>httpClient</Filter>
    </ClCompile>
    <ClCompile Include="stream\streamOutRtsp.cpp">
      <Filter>stream</Filter>
    </ClCompile>
  </ItemGroup>
  <ItemGroup>
    <ClInclude Include="service\define.h">
      <Filter>service</Filter>
    </ClInclude>
    <ClInclude Include="service\IService.h">
      <Filter>service</Filter>
    </ClInclude>
    <ClInclude Include="service\Launcher.h">
      <Filter>service</Filter>
    </ClInclude>
    <ClInclude Include="appConfig\AppConfig.h">
      <Filter>appconfig</Filter>
    </ClInclude>
    <ClInclude Include="appConfig\ConfigMod.h">
      <Filter>appconfig</Filter>
    </ClInclude>
    <ClInclude Include="appConfig\IConfigChangeHandler.h">
      <Filter>appconfig</Filter>
    </ClInclude>
    <ClInclude Include="stream\streamMod.h">
      <Filter>stream</Filter>
    </ClInclude>
    <ClInclude Include="stream\streamIn.h">
      <Filter>stream</Filter>
    </ClInclude>
    <ClInclude Include="stream\streamInImp.h">
      <Filter>stream</Filter>
    </ClInclude>
    <ClInclude Include="stream\AAC_ADTS.h">
      <Filter>stream</Filter>
    </ClInclude>
    <ClInclude Include="common\tickcount.h">
      <Filter>common</Filter>
    </ClInclude>
    <ClInclude Include="spdlogger\spdlogging.h">
      <Filter>spdlogger</Filter>
    </ClInclude>
    <ClInclude Include="stream\streamOut.h">
      <Filter>stream</Filter>
    </ClInclude>
    <ClInclude Include="stream\streamDef.h">
      <Filter>stream</Filter>
    </ClInclude>
    <ClInclude Include="stream\streamOutFile.h">
      <Filter>stream</Filter>
    </ClInclude>
    <ClInclude Include="stream\baseStream.h">
      <Filter>stream</Filter>
    </ClInclude>
    <ClInclude Include="stream\streamInfo.h">
      <Filter>stream</Filter>
    </ClInclude>
    <ClInclude Include="stream\fileStream.h">
      <Filter>stream</Filter>
    </ClInclude>
    <ClInclude Include="stream\streamInfoImp.h">
      <Filter>stream</Filter>
    </ClInclude>
    <ClInclude Include="common\messageQueue.h">
      <Filter>common</Filter>
    </ClInclude>
    <ClInclude Include="stream\streamTest.h">
      <Filter>stream</Filter>
    </ClInclude>
    <ClInclude Include="stream\streamOutRtmp.h">
      <Filter>stream</Filter>
    </ClInclude>
    <ClInclude Include="stream\streamMng.h">
      <Filter>stream</Filter>
    </ClInclude>
    <ClInclude Include="stream\realTimeStream.h">
      <Filter>stream</Filter>
    </ClInclude>
    <ClInclude Include="stream\streamModInterface.h">
      <Filter>stream</Filter>
    </ClInclude>
    <ClInclude Include="httpServer\fileStreamJumpHandler.h">
      <Filter>httpServer</Filter>
    </ClInclude>
    <ClInclude Include="httpServer\fileStreamPauseHandler.h">
      <Filter>httpServer</Filter>
    </ClInclude>
    <ClInclude Include="httpServer\fileStreamQueryHandler.h">
      <Filter>httpServer</Filter>
    </ClInclude>
    <ClInclude Include="httpServer\fileStreamResumeHandler.h">
      <Filter>httpServer</Filter>
    </ClInclude>
    <ClInclude Include="httpServer\filestreamStartHandler.h">
      <Filter>httpServer</Filter>
    </ClInclude>
    <ClInclude Include="httpServer\fileStreamStopHandler.h">
      <Filter>httpServer</Filter>
    </ClInclude>
    <ClInclude Include="httpServer\HttpServer.h">
      <Filter>httpServer</Filter>
    </ClInclude>
    <ClInclude Include="httpServer\InterfaceService.h">
      <Filter>httpServer</Filter>
    </ClInclude>
    <ClInclude Include="httpServer\realtimeStreamQueryHandler.h">
      <Filter>httpServer</Filter>
    </ClInclude>
    <ClInclude Include="httpServer\realtimeStreamStartHandler.h">
      <Filter>httpServer</Filter>
    </ClInclude>
    <ClInclude Include="httpServer\realtimeStreamStopHandler.h">
      <Filter>httpServer</Filter>
    </ClInclude>
    <ClInclude Include="httpClient\HttpClient.h">
      <Filter>httpClient</Filter>
    </ClInclude>
    <ClInclude Include="httpClient\HttpRequest.h">
      <Filter>httpClient</Filter>
    </ClInclude>
    <ClInclude Include="httpClient\Module_Interface.h">
      <Filter>httpClient</Filter>
    </ClInclude>
    <ClInclude Include="httpClient\parse-http-data-base.h">
      <Filter>httpClient</Filter>
    </ClInclude>
    <ClInclude Include="httpClient\HttpClientManage.h">
      <Filter>httpClient</Filter>
    </ClInclude>
    <ClInclude Include="common\utils.h">
      <Filter>common</Filter>
    </ClInclude>
    <ClInclude Include="common\myTime.h">
      <Filter>common</Filter>
    </ClInclude>
    <ClInclude Include="codec\audioDecoder.h">
      <Filter>codec</Filter>
    </ClInclude>
    <ClInclude Include="codec\audioEncoder.h">
      <Filter>codec</Filter>
    </ClInclude>
    <ClInclude Include="codec\audioParser.h">
      <Filter>codec</Filter>
    </ClInclude>
    <ClInclude Include="codec\audioParserAac.h">
      <Filter>codec</Filter>
    </ClInclude>
    <ClInclude Include="codec\audioParserMp3.h">
      <Filter>codec</Filter>
    </ClInclude>
    <ClInclude Include="codec\baseDecoder.h">
      <Filter>codec</Filter>
    </ClInclude>
    <ClInclude Include="codec\baseEncoder.h">
      <Filter>codec</Filter>
    </ClInclude>
    <ClInclude Include="codec\objlist.h">
      <Filter>codec</Filter>
    </ClInclude>
    <ClInclude Include="codec\objPool.h">
      <Filter>codec</Filter>
    </ClInclude>
    <ClInclude Include="codec\codecDef.h">
      <Filter>codec</Filter>
    </ClInclude>
    <ClInclude Include="common\autofree.h">
      <Filter>common</Filter>
    </ClInclude>
    <ClInclude Include="httpServer\httplib.h">
      <Filter>httpServer</Filter>
    </ClInclude>
    <ClInclude Include="httpServer\Ihandler.h">
      <Filter>httpServer</Filter>
    </ClInclude>
    <ClInclude Include="httpServer\router.h">
      <Filter>httpServer</Filter>
    </ClInclude>
    <ClInclude Include="httpServer\simpleHandler.h">
      <Filter>httpServer</Filter>
    </ClInclude>
    <ClInclude Include="httpClient\HttpClientService.h">
      <Filter>httpClient</Filter>
    </ClInclude>
    <ClInclude Include="stream\streamOutRtsp.h">
      <Filter>stream</Filter>
    </ClInclude>
    <ClInclude Include="httpServer\httpServerError.h">
      <Filter>httpServer</Filter>
    </ClInclude>
  </ItemGroup>
</Project>