<?xml version="1.0" encoding="utf-8"?>
<Project ToolsVersion="4.0" xmlns="http://schemas.microsoft.com/developer/msbuild/2003">
  <ItemGroup>
    <Filter Include="源文件">
      <UniqueIdentifier>{4FC737F1-C7A5-4376-A066-2A32D752A2FF}</UniqueIdentifier>
      <Extensions>cpp;c;cc;cxx;def;odl;idl;hpj;bat;asm;asmx</Extensions>
    </Filter>
    <Filter Include="头文件">
      <UniqueIdentifier>{93995380-89BD-4b04-88EB-625FBE52EBFB}</UniqueIdentifier>
      <Extensions>h;hh;hpp;hxx;hm;inl;inc;ipp;xsd</Extensions>
    </Filter>
    <Filter Include="资源文件">
      <UniqueIdentifier>{67DA6AB6-F800-4c08-8B7A-83BB121AAD01}</UniqueIdentifier>
      <Extensions>rc;ico;cur;bmp;dlg;rc2;rct;bin;rgs;gif;jpg;jpeg;jpe;resx;tiff;tif;png;wav;mfcribbon-ms</Extensions>
    </Filter>
  </ItemGroup>
  <ItemGroup>
    <ClInclude Include="80-PressTest.h">
      <Filter>头文件</Filter>
    </ClInclude>
    <ClInclude Include="80-PressTestDlg.h">
      <Filter>头文件</Filter>
    </ClInclude>
    <ClInclude Include="framework.h">
      <Filter>头文件</Filter>
    </ClInclude>
    <ClInclude Include="targetver.h">
      <Filter>头文件</Filter>
    </ClInclude>
    <ClInclude Include="Resource.h">
      <Filter>头文件</Filter>
    </ClInclude>
    <ClInclude Include="pch.h">
      <Filter>头文件</Filter>
    </ClInclude>
    <ClInclude Include="UdpClient.h">
      <Filter>头文件</Filter>
    </ClInclude>
    <ClInclude Include="CHandle.h">
      <Filter>头文件</Filter>
    </ClInclude>
    <ClInclude Include="CJson.h">
      <Filter>头文件</Filter>
    </ClInclude>
    <ClInclude Include="common.h">
      <Filter>头文件</Filter>
    </ClInclude>
    <ClInclude Include="Unicode.h">
      <Filter>头文件</Filter>
    </ClInclude>
    <ClInclude Include="CLog.h">
      <Filter>头文件</Filter>
    </ClInclude>
    <ClInclude Include="List_Node.h">
      <Filter>头文件</Filter>
    </ClInclude>
    <ClInclude Include="MemoryBlock.h">
      <Filter>头文件</Filter>
    </ClInclude>
    <ClInclude Include="MemoryPool.h">
      <Filter>头文件</Filter>
    </ClInclude>
    <ClInclude Include="ReactorSvr.h">
      <Filter>头文件</Filter>
    </ClInclude>
  </ItemGroup>
  <ItemGroup>
    <ClCompile Include="80-PressTest.cpp">
      <Filter>源文件</Filter>
    </ClCompile>
    <ClCompile Include="80-PressTestDlg.cpp">
      <Filter>源文件</Filter>
    </ClCompile>
    <ClCompile Include="pch.cpp">
      <Filter>源文件</Filter>
    </ClCompile>
    <ClCompile Include="UdpClient.cpp">
      <Filter>源文件</Filter>
    </ClCompile>
    <ClCompile Include="Unicode.cpp">
      <Filter>源文件</Filter>
    </ClCompile>
    <ClCompile Include="CLog.cpp">
      <Filter>源文件</Filter>
    </ClCompile>
    <ClCompile Include="CJson.cpp">
      <Filter>源文件</Filter>
    </ClCompile>
    <ClCompile Include="MemoryBlock.cpp">
      <Filter>源文件</Filter>
    </ClCompile>
    <ClCompile Include="MemoryPool.cpp">
      <Filter>源文件</Filter>
    </ClCompile>
    <ClCompile Include="ReactorSvr.cpp">
      <Filter>源文件</Filter>
    </ClCompile>
  </ItemGroup>
  <ItemGroup>
    <ResourceCompile Include="My80PressTest.rc">
      <Filter>资源文件</Filter>
    </ResourceCompile>
  </ItemGroup>
  <ItemGroup>
    <None Include="res\My80PressTest.rc2">
      <Filter>资源文件</Filter>
    </None>
  </ItemGroup>
  <ItemGroup>
    <Image Include="res\80-PressTest.ico">
      <Filter>资源文件</Filter>
    </Image>
  </ItemGroup>
</Project>